
Microsoft Visual Studio Solution File, Format Version 12.00
# Visual Studio Version 16
VisualStudioVersion = 16.0.31205.134
MinimumVisualStudioVersion = 10.0.40219.1
Project("{FAE04EC0-301F-11D3-BF4B-00C04F79EFBC}") = "Commander", "Commander\Commander.csproj", "{BB44787A-B396-4092-BD44-789C642A4700}"
EndProject
Global
	GlobalSection(SolutionConfigurationPlatforms) = preSolution
		Debug|Any CPU = Debug|Any CPU
		Release|Any CPU = Release|Any CPU
	EndGlobalSection
	GlobalSection(ProjectConfigurationPlatforms) = postSolution
		{BB44787A-B396-4092-BD44-789C642A4700}.Debug|Any CPU.ActiveCfg = Debug|Any CPU
		{BB44787A-B396-4092-BD44-789C642A4700}.Debug|Any CPU.Build.0 = Debug|Any CPU
		{BB44787A-B396-4092-BD44-789C642A4700}.Release|Any CPU.ActiveCfg = Release|Any CPU
		{BB44787A-B396-4092-BD44-789C642A4700}.Release|Any CPU.Build.0 = Release|Any CPU
	EndGlobalSection
	GlobalSection(SolutionProperties) = preSolution
		HideSolutionNode = FALSE
	EndGlobalSection
	GlobalSection(ExtensibilityGlobals) = postSolution
		SolutionGuid = {E6529958-1E27-4DF2-AB6D-74293634831D}
	EndGlobalSection
EndGlobal
