
Microsoft Visual Studio Solution File, Format Version 12.00
# Visual Studio Version 16
VisualStudioVersion = 16.0.30523.141
MinimumVisualStudioVersion = 10.0.40219.1
Project("{FAE04EC0-301F-11D3-BF4B-00C04F79EFBC}") = "GameConsole", "GameConsole\GameConsole.csproj", "{BDD5167B-130F-4427-9A96-0D4A9C667CBF}"
EndProject
Global
	GlobalSection(SolutionConfigurationPlatforms) = preSolution
		Debug|Any CPU = Debug|Any CPU
		Release|Any CPU = Release|Any CPU
	EndGlobalSection
	GlobalSection(ProjectConfigurationPlatforms) = postSolution
		{BDD5167B-130F-4427-9A96-0D4A9C667CBF}.Debug|Any CPU.ActiveCfg = Debug|Any CPU
		{BDD5167B-130F-4427-9A96-0D4A9C667CBF}.Debug|Any CPU.Build.0 = Debug|Any CPU
		{BDD5167B-130F-4427-9A96-0D4A9C667CBF}.Release|Any CPU.ActiveCfg = Release|Any CPU
		{BDD5167B-130F-4427-9A96-0D4A9C667CBF}.Release|Any CPU.Build.0 = Release|Any CPU
	EndGlobalSection
	GlobalSection(SolutionProperties) = preSolution
		HideSolutionNode = FALSE
	EndGlobalSection
	GlobalSection(ExtensibilityGlobals) = postSolution
		SolutionGuid = {259C972A-E5C9-4280-A407-420BD19CEAB9}
	EndGlobalSection
EndGlobal
