
Microsoft Visual Studio Solution File, Format Version 12.00
# Visual Studio Version 16
VisualStudioVersion = 16.0.31229.75
MinimumVisualStudioVersion = 10.0.40219.1
Project("{FAE04EC0-301F-11D3-BF4B-00C04F79EFBC}") = "WiredBrainCoffee.StackApp", "WiredBrainCoffee.StackApp\WiredBrainCoffee.StackApp.csproj", "{310914BA-A175-45BF-B990-863EE572E889}"
EndProject
Project("{FAE04EC0-301F-11D3-BF4B-00C04F79EFBC}") = "WiredBrainCoffee.Test", "WiredBrainCoffee.Test\WiredBrainCoffee.Test.csproj", "{C311714A-D2FF-4861-936E-5468B1760BEF}"
	ProjectSection(ProjectDependencies) = postProject
		{310914BA-A175-45BF-B990-863EE572E889} = {310914BA-A175-45BF-B990-863EE572E889}
	EndProjectSection
EndProject
Project("{FAE04EC0-301F-11D3-BF4B-00C04F79EFBC}") = "GameEngine.Test", "GameEngine.Test\GameEngine.Test.csproj", "{A6867BF9-1DB0-4E48-AF14-64382E0BC1AD}"
EndProject
Project("{FAE04EC0-301F-11D3-BF4B-00C04F79EFBC}") = "GameEngine", "..\..\..\..\..\Downloads\dotnet-core-testing-code-xunit-dotnet-getting-started\02\demos\before\02StartingTest\GameEngine\GameEngine.csproj", "{0C4A27C9-A604-4A1F-8F2E-B9F448930C54}"
EndProject
Project("{FAE04EC0-301F-11D3-BF4B-00C04F79EFBC}") = "EventPlayground", "EventPlayground\EventPlayground.csproj", "{FB021FB3-1E57-4B57-8692-2ECD8ECE2D11}"
EndProject
Global
	GlobalSection(SolutionConfigurationPlatforms) = preSolution
		Debug|Any CPU = Debug|Any CPU
		Release|Any CPU = Release|Any CPU
	EndGlobalSection
	GlobalSection(ProjectConfigurationPlatforms) = postSolution
		{310914BA-A175-45BF-B990-863EE572E889}.Debug|Any CPU.ActiveCfg = Debug|Any CPU
		{310914BA-A175-45BF-B990-863EE572E889}.Debug|Any CPU.Build.0 = Debug|Any CPU
		{310914BA-A175-45BF-B990-863EE572E889}.Release|Any CPU.ActiveCfg = Release|Any CPU
		{310914BA-A175-45BF-B990-863EE572E889}.Release|Any CPU.Build.0 = Release|Any CPU
		{C311714A-D2FF-4861-936E-5468B1760BEF}.Debug|Any CPU.ActiveCfg = Debug|Any CPU
		{C311714A-D2FF-4861-936E-5468B1760BEF}.Debug|Any CPU.Build.0 = Debug|Any CPU
		{C311714A-D2FF-4861-936E-5468B1760BEF}.Release|Any CPU.ActiveCfg = Release|Any CPU
		{C311714A-D2FF-4861-936E-5468B1760BEF}.Release|Any CPU.Build.0 = Release|Any CPU
		{A6867BF9-1DB0-4E48-AF14-64382E0BC1AD}.Debug|Any CPU.ActiveCfg = Debug|Any CPU
		{A6867BF9-1DB0-4E48-AF14-64382E0BC1AD}.Debug|Any CPU.Build.0 = Debug|Any CPU
		{A6867BF9-1DB0-4E48-AF14-64382E0BC1AD}.Release|Any CPU.ActiveCfg = Release|Any CPU
		{A6867BF9-1DB0-4E48-AF14-64382E0BC1AD}.Release|Any CPU.Build.0 = Release|Any CPU
		{0C4A27C9-A604-4A1F-8F2E-B9F448930C54}.Debug|Any CPU.ActiveCfg = Debug|Any CPU
		{0C4A27C9-A604-4A1F-8F2E-B9F448930C54}.Debug|Any CPU.Build.0 = Debug|Any CPU
		{0C4A27C9-A604-4A1F-8F2E-B9F448930C54}.Release|Any CPU.ActiveCfg = Release|Any CPU
		{0C4A27C9-A604-4A1F-8F2E-B9F448930C54}.Release|Any CPU.Build.0 = Release|Any CPU
		{FB021FB3-1E57-4B57-8692-2ECD8ECE2D11}.Debug|Any CPU.ActiveCfg = Debug|Any CPU
		{FB021FB3-1E57-4B57-8692-2ECD8ECE2D11}.Debug|Any CPU.Build.0 = Debug|Any CPU
		{FB021FB3-1E57-4B57-8692-2ECD8ECE2D11}.Release|Any CPU.ActiveCfg = Release|Any CPU
		{FB021FB3-1E57-4B57-8692-2ECD8ECE2D11}.Release|Any CPU.Build.0 = Release|Any CPU
	EndGlobalSection
	GlobalSection(SolutionProperties) = preSolution
		HideSolutionNode = FALSE
	EndGlobalSection
	GlobalSection(ExtensibilityGlobals) = postSolution
		SolutionGuid = {5EC792BA-76EB-4194-A87F-0EEA7A4FBB7A}
	EndGlobalSection
EndGlobal
